
Microsoft Visual Studio Solution File, Format Version 12.00
# Visual Studio Version 16
VisualStudioVersion = 16.0.30611.23
MinimumVisualStudioVersion = 10.0.40219.1
Project("{8BC9CEB8-8B4A-11D0-8D11-00A0C91BC942}") = "Calculator", "Calculator\Calculator.vcxproj", "{A01C336B-A8B9-4F1C-A667-49E2069DB4A1}"
EndProject
Global
	GlobalSection(SolutionConfigurationPlatforms) = preSolution
		Debug|x64 = Debug|x64
		Debug|x86 = Debug|x86
		Release|x64 = Release|x64
		Release|x86 = Release|x86
	EndGlobalSection
	GlobalSection(ProjectConfigurationPlatforms) = postSolution
		{A01C336B-A8B9-4F1C-A667-49E2069DB4A1}.Debug|x64.ActiveCfg = Debug|x64
		{A01C336B-A8B9-4F1C-A667-49E2069DB4A1}.Debug|x64.Build.0 = Debug|x64
		{A01C336B-A8B9-4F1C-A667-49E2069DB4A1}.Debug|x86.ActiveCfg = Debug|Win32
		{A01C336B-A8B9-4F1C-A667-49E2069DB4A1}.Debug|x86.Build.0 = Debug|Win32
		{A01C336B-A8B9-4F1C-A667-49E2069DB4A1}.Release|x64.ActiveCfg = Release|x64
		{A01C336B-A8B9-4F1C-A667-49E2069DB4A1}.Release|x64.Build.0 = Release|x64
		{A01C336B-A8B9-4F1C-A667-49E2069DB4A1}.Release|x86.ActiveCfg = Release|Win32
		{A01C336B-A8B9-4F1C-A667-49E2069DB4A1}.Release|x86.Build.0 = Release|Win32
	EndGlobalSection
	GlobalSection(SolutionProperties) = preSolution
		HideSolutionNode = FALSE
	EndGlobalSection
	GlobalSection(ExtensibilityGlobals) = postSolution
		SolutionGuid = {92DD601A-F1B3-447B-963E-CDF5125FEE65}
	EndGlobalSection
EndGlobal
